<?xml version="1.0" encoding="utf-8"?>
<Project ToolsVersion="4.0" xmlns="http://schemas.microsoft.com/developer/msbuild/2003">
  <ItemGroup>
    <ApplicationDefinition Include="App.xaml" />
  </ItemGroup>
  <ItemGroup>
    <Page Include="FirstTimePage.xaml">
      <Filter>Pages</Filter>
    </Page>
    <Page Include="HomePage.xaml">
      <Filter>Pages</Filter>
    </Page>
    <Page Include="MainPage.xaml">
      <Filter>Pages</Filter>
    </Page>
    <Page Include="HomeProfileControl.xaml">
      <Filter>Controls</Filter>
    </Page>
    <Page Include="NewProfilePage.xaml">
      <Filter>Pages</Filter>
    </Page>
    <Page Include="EditProfilePage.xaml">
      <Filter>Pages</Filter>
    </Page>
    <Page Include="RawEditorPage.xaml">
      <Filter>Pages\PluginEditor</Filter>
    </Page>
    <Page Include="NetifHomeWidget.xaml">
      <Filter>Controls\HomeWidget</Filter>
    </Page>
    <Page Include="SwitchHomeWidget.xaml">
      <Filter>Controls\HomeWidget</Filter>
    </Page>
    <Page Include="LibraryPage.xaml">
      <Filter>Pages</Filter>
    </Page>
    <Page Include="DynOutboundHomeWidget.xaml">
      <Filter>Controls\HomeWidget</Filter>
    </Page>
    <Page Include="ForwardHomeWidget.xaml">
      <Filter>Controls\HomeWidget</Filter>
    </Page>
    <Page Include="AboutPage.xaml">
      <Filter>Pages</Filter>
    </Page>
    <Page Include="NewProfileRulesetControl.xaml">
      <Filter>Controls</Filter>
    </Page>
    <Page Include="SplitRoutingRulesetControl.xaml">
      <Filter>Controls</Filter>
    </Page>
    <Page Include="ResourceManageControl.xaml">
      <Filter>Controls</Filter>
    </Page>
    <Page Include="EditProxyPage.xaml">
      <Filter>Pages</Filter>
    </Page>
  </ItemGroup>
  <ItemGroup>
    <Midl Include="App.idl" />
  </ItemGroup>
  <ItemGroup>
    <ClCompile Include="pch.cpp" />
    <ClCompile Include="App.cpp" />
    <ClCompile Include="MainPage.cpp" />
    <ClCompile Include="$(GeneratedFilesDir)module.g.cpp" />
    <ClCompile Include="ProfileModel.cpp">
      <Filter>Models</Filter>
    </ClCompile>
    <ClCompile Include="ConnectionState.cpp">
      <Filter>States</Filter>
    </ClCompile>
    <ClCompile Include="Rx.cpp">
      <Filter>Utils</Filter>
    </ClCompile>
    <ClCompile Include="WinrtScheduler.cpp">
      <Filter>Utils</Filter>
    </ClCompile>
    <ClCompile Include="UI.cpp">
      <Filter>Utils</Filter>
    </ClCompile>
    <ClCompile Include="PluginModel.cpp">
      <Filter>Models</Filter>
    </ClCompile>
    <ClCompile Include="EditPluginModel.cpp">
      <Filter>Models</Filter>
    </ClCompile>
    <ClCompile Include="EditPluginTreeViewItemTemplateSelector.cpp">
      <Filter>TemplateSelector</Filter>
    </ClCompile>
    <ClCompile Include="PluginTypeToDescConverter.cpp">
      <Filter>Converter</Filter>
    </ClCompile>
    <ClCompile Include="BoolToObjectConverter.cpp">
      <Filter>Converter</Filter>
    </ClCompile>
    <ClCompile Include="RawEditorParam.cpp">
      <Filter>Models\PluginEditorParam</Filter>
    </ClCompile>
    <ClCompile Include="base64.cpp">
      <Filter>Utils</Filter>
    </ClCompile>
    <ClCompile Include="SwitchChoiceItem.cpp">
      <Filter>Models</Filter>
    </ClCompile>
    <ClCompile Include="ProxyGroupModel.cpp">
      <Filter>Models</Filter>
    </ClCompile>
    <ClCompile Include="AssetModel.cpp">
      <Filter>Models</Filter>
    </ClCompile>
    <ClCompile Include="ProxyModel.cpp">
      <Filter>Models</Filter>
    </ClCompile>
    <ClCompile Include="VectorBuffer.cpp">
      <Filter>Utils</Filter>
    </ClCompile>
    <ClCompile Include="cppcoro\async_mutex.cpp">
      <Filter>Utils\cppcoro</Filter>
    </ClCompile>
    <ClCompile Include="CoreFfi.cpp">
      <Filter>CoreInterop</Filter>
    </ClCompile>
    <ClCompile Include="CoreProxy.cpp">
      <Filter>CoreInterop</Filter>
    </ClCompile>
    <ClCompile Include="CoreRpc.cpp">
      <Filter>CoreInterop</Filter>
    </ClCompile>
    <ClCompile Include="DynOutboundProxyModel.cpp">
      <Filter>Models</Filter>
    </ClCompile>
    <ClCompile Include="HomePageHomeWidget.cpp">
      <Filter>Pages</Filter>
    </ClCompile>
    <ClCompile Include="HomePageInit.cpp">
      <Filter>Pages</Filter>
    </ClCompile>
    <ClCompile Include="HomePagePluginStatus.cpp">
      <Filter>Pages</Filter>
    </ClCompile>
    <ClCompile Include="CoreSubscription.cpp">
      <Filter>CoreInterop</Filter>
    </ClCompile>
    <ClCompile Include="SplitRoutingModeToDescConverter.cpp">
      <Filter>Converter</Filter>
    </ClCompile>
    <ClCompile Include="SplitRoutingRuleModel.cpp">
      <Filter>Models</Filter>
    </ClCompile>
    <ClCompile Include="BoolTemplateSelector.cpp">
      <Filter>TemplateSelector</Filter>
    </ClCompile>
    <ClCompile Include="ResourceModel.cpp">
      <Filter>Models</Filter>
    </ClCompile>
    <ClCompile Include="NewProfilePagePresets.cpp">
      <Filter>Pages</Filter>
    </ClCompile>
    <ClCompile Include="ProxyLegModel.cpp">
      <Filter>Models</Filter>
    </ClCompile>
    <ClCompile Include="EditProxyPageParam.cpp">
      <Filter>Pages</Filter>
    </ClCompile>
    <ClCompile Include="IdentityConverter.cpp">
      <Filter>Converter</Filter>
    </ClCompile>
  </ItemGroup>
  <ItemGroup>
    <ClInclude Include="pch.h" />
    <ClInclude Include="ProfileModel.h">
      <Filter>Models</Filter>
    </ClInclude>
    <ClInclude Include="ConnectionState.h">
      <Filter>States</Filter>
    </ClInclude>
    <ClInclude Include="Rx.h">
      <Filter>Utils</Filter>
    </ClInclude>
    <ClInclude Include="WinrtScheduler.h">
      <Filter>Utils</Filter>
    </ClInclude>
    <ClInclude Include="UI.h">
      <Filter>Utils</Filter>
    </ClInclude>
    <ClInclude Include="PluginModel.h">
      <Filter>Models</Filter>
    </ClInclude>
    <ClInclude Include="EditPluginModel.h">
      <Filter>Models</Filter>
    </ClInclude>
    <ClInclude Include="EditPluginTreeViewItemTemplateSelector.h">
      <Filter>TemplateSelector</Filter>
    </ClInclude>
    <ClInclude Include="PluginTypeToDescConverter.h">
      <Filter>Converter</Filter>
    </ClInclude>
    <ClInclude Include="BoolToObjectConverter.h">
      <Filter>Converter</Filter>
    </ClInclude>
    <ClInclude Include="RawEditorParam.h">
      <Filter>Models\PluginEditorParam</Filter>
    </ClInclude>
    <ClInclude Include="base64.h">
      <Filter>Utils</Filter>
    </ClInclude>
    <ClInclude Include="VectorBuffer.h">
      <Filter>Utils</Filter>
    </ClInclude>
    <ClInclude Include="SwitchChoiceItem.h">
      <Filter>Models</Filter>
    </ClInclude>
    <ClInclude Include="ProxyGroupModel.h">
      <Filter>Models</Filter>
    </ClInclude>
    <ClInclude Include="AssetModel.h">
      <Filter>Models</Filter>
    </ClInclude>
    <ClInclude Include="ProxyModel.h">
      <Filter>Models</Filter>
    </ClInclude>
    <ClInclude Include="cppcoro\async_mutex.hpp">
      <Filter>Utils\cppcoro</Filter>
    </ClInclude>
    <ClInclude Include="CoreFfi.h">
      <Filter>CoreInterop</Filter>
    </ClInclude>
    <ClInclude Include="CoreProxy.h">
      <Filter>CoreInterop</Filter>
    </ClInclude>
    <ClInclude Include="CoreRpc.h">
      <Filter>CoreInterop</Filter>
    </ClInclude>
    <ClInclude Include="DynOutboundProxyModel.h">
      <Filter>Models</Filter>
    </ClInclude>
    <ClInclude Include="CoreSubscription.h">
      <Filter>CoreInterop</Filter>
    </ClInclude>
    <ClInclude Include="SplitRoutingModeToDescConverter.h">
      <Filter>Converter</Filter>
    </ClInclude>
    <ClInclude Include="SplitRoutingRuleModel.h">
      <Filter>Models</Filter>
    </ClInclude>
    <ClInclude Include="BoolTemplateSelector.h">
      <Filter>TemplateSelector</Filter>
    </ClInclude>
    <ClInclude Include="ResourceModel.h">
      <Filter>Models</Filter>
    </ClInclude>
    <ClInclude Include="ProxyLegModel.h">
      <Filter>Models</Filter>
    </ClInclude>
    <ClInclude Include="EditProxyPageParam.h">
      <Filter>Pages</Filter>
    </ClInclude>
    <ClInclude Include="IdentityConverter.h">
      <Filter>Converter</Filter>
    </ClInclude>
  </ItemGroup>
  <ItemGroup>
    <Image Include="Assets\LargeTile.scale-100.png">
      <Filter>Assets</Filter>
    </Image>
    <Image Include="Assets\LargeTile.scale-125.png">
      <Filter>Assets</Filter>
    </Image>
    <Image Include="Assets\LargeTile.scale-150.png">
      <Filter>Assets</Filter>
    </Image>
    <Image Include="Assets\LargeTile.scale-200.png">
      <Filter>Assets</Filter>
    </Image>
    <Image Include="Assets\LargeTile.scale-400.png">
      <Filter>Assets</Filter>
    </Image>
    <Image Include="Assets\SmallTile.scale-100.png">
      <Filter>Assets</Filter>
    </Image>
    <Image Include="Assets\SmallTile.scale-125.png">
      <Filter>Assets</Filter>
    </Image>
    <Image Include="Assets\SmallTile.scale-150.png">
      <Filter>Assets</Filter>
    </Image>
    <Image Include="Assets\SmallTile.scale-200.png">
      <Filter>Assets</Filter>
    </Image>
    <Image Include="Assets\SmallTile.scale-400.png">
      <Filter>Assets</Filter>
    </Image>
    <Image Include="Assets\SplashScreen.scale-100.png">
      <Filter>Assets</Filter>
    </Image>
    <Image Include="Assets\SplashScreen.scale-125.png">
      <Filter>Assets</Filter>
    </Image>
    <Image Include="Assets\SplashScreen.scale-150.png">
      <Filter>Assets</Filter>
    </Image>
    <Image Include="Assets\SplashScreen.scale-200.png">
      <Filter>Assets</Filter>
    </Image>
    <Image Include="Assets\SplashScreen.scale-400.png">
      <Filter>Assets</Filter>
    </Image>
    <Image Include="Assets\Square44x44Logo.altform-lightunplated_targetsize-16.png">
      <Filter>Assets</Filter>
    </Image>
    <Image Include="Assets\Square44x44Logo.altform-lightunplated_targetsize-24.png">
      <Filter>Assets</Filter>
    </Image>
    <Image Include="Assets\Square44x44Logo.altform-lightunplated_targetsize-32.png">
      <Filter>Assets</Filter>
    </Image>
    <Image Include="Assets\Square44x44Logo.altform-lightunplated_targetsize-48.png">
      <Filter>Assets</Filter>
    </Image>
    <Image Include="Assets\Square44x44Logo.altform-lightunplated_targetsize-256.png">
      <Filter>Assets</Filter>
    </Image>
    <Image Include="Assets\Square44x44Logo.altform-unplated_targetsize-16.png">
      <Filter>Assets</Filter>
    </Image>
    <Image Include="Assets\Square44x44Logo.altform-unplated_targetsize-32.png">
      <Filter>Assets</Filter>
    </Image>
    <Image Include="Assets\Square44x44Logo.altform-unplated_targetsize-48.png">
      <Filter>Assets</Filter>
    </Image>
    <Image Include="Assets\Square44x44Logo.altform-unplated_targetsize-256.png">
      <Filter>Assets</Filter>
    </Image>
    <Image Include="Assets\Square44x44Logo.scale-100.png">
      <Filter>Assets</Filter>
    </Image>
    <Image Include="Assets\Square44x44Logo.scale-125.png">
      <Filter>Assets</Filter>
    </Image>
    <Image Include="Assets\Square44x44Logo.scale-150.png">
      <Filter>Assets</Filter>
    </Image>
    <Image Include="Assets\Square44x44Logo.scale-200.png">
      <Filter>Assets</Filter>
    </Image>
    <Image Include="Assets\Square44x44Logo.scale-400.png">
      <Filter>Assets</Filter>
    </Image>
    <Image Include="Assets\Square44x44Logo.targetsize-16.png">
      <Filter>Assets</Filter>
    </Image>
    <Image Include="Assets\Square44x44Logo.targetsize-24.png">
      <Filter>Assets</Filter>
    </Image>
    <Image Include="Assets\Square44x44Logo.targetsize-24_altform-unplated.png">
      <Filter>Assets</Filter>
    </Image>
    <Image Include="Assets\Square44x44Logo.targetsize-32.png">
      <Filter>Assets</Filter>
    </Image>
    <Image Include="Assets\Square44x44Logo.targetsize-48.png">
      <Filter>Assets</Filter>
    </Image>
    <Image Include="Assets\Square44x44Logo.targetsize-256.png">
      <Filter>Assets</Filter>
    </Image>
    <Image Include="Assets\Square150x150Logo.scale-100.png">
      <Filter>Assets</Filter>
    </Image>
    <Image Include="Assets\Square150x150Logo.scale-125.png">
      <Filter>Assets</Filter>
    </Image>
    <Image Include="Assets\Square150x150Logo.scale-150.png">
      <Filter>Assets</Filter>
    </Image>
    <Image Include="Assets\Square150x150Logo.scale-200.png">
      <Filter>Assets</Filter>
    </Image>
    <Image Include="Assets\Square150x150Logo.scale-400.png">
      <Filter>Assets</Filter>
    </Image>
    <Image Include="Assets\StoreLogo.scale-100.png">
      <Filter>Assets</Filter>
    </Image>
    <Image Include="Assets\StoreLogo.scale-125.png">
      <Filter>Assets</Filter>
    </Image>
    <Image Include="Assets\StoreLogo.scale-150.png">
      <Filter>Assets</Filter>
    </Image>
    <Image Include="Assets\StoreLogo.scale-200.png">
      <Filter>Assets</Filter>
    </Image>
    <Image Include="Assets\StoreLogo.scale-400.png">
      <Filter>Assets</Filter>
    </Image>
    <Image Include="Assets\Wide310x150Logo.scale-100.png">
      <Filter>Assets</Filter>
    </Image>
    <Image Include="Assets\Wide310x150Logo.scale-125.png">
      <Filter>Assets</Filter>
    </Image>
    <Image Include="Assets\Wide310x150Logo.scale-150.png">
      <Filter>Assets</Filter>
    </Image>
    <Image Include="Assets\Wide310x150Logo.scale-200.png">
      <Filter>Assets</Filter>
    </Image>
    <Image Include="Assets\Wide310x150Logo.scale-400.png">
      <Filter>Assets</Filter>
    </Image>
  </ItemGroup>
  <ItemGroup>
    <AppxManifest Include="Package.appxmanifest" />
  </ItemGroup>
  <ItemGroup>
    <Filter Include="Assets">
      <UniqueIdentifier>{e48dc53e-40b1-40cb-970a-f89935452892}</UniqueIdentifier>
    </Filter>
    <Filter Include="Models">
      <UniqueIdentifier>{bb3c3190-cc73-4ebc-82d4-a93416f3bee9}</UniqueIdentifier>
    </Filter>
    <Filter Include="States">
      <UniqueIdentifier>{8b4f95e7-1837-47bb-9102-b5ca5c3e3df1}</UniqueIdentifier>
    </Filter>
    <Filter Include="Utils">
      <UniqueIdentifier>{0a988eac-4cdd-4353-bf92-45a4cb11f245}</UniqueIdentifier>
    </Filter>
    <Filter Include="Pages">
      <UniqueIdentifier>{98be5553-bace-468a-a845-8bebd3747738}</UniqueIdentifier>
    </Filter>
    <Filter Include="Controls">
      <UniqueIdentifier>{ff544cab-c080-4777-9959-3044402a2a5a}</UniqueIdentifier>
    </Filter>
    <Filter Include="TemplateSelector">
      <UniqueIdentifier>{341d59ac-483d-4d78-b6b2-3a1d81953404}</UniqueIdentifier>
    </Filter>
    <Filter Include="Converter">
      <UniqueIdentifier>{2817d091-1cee-4b22-838b-026b2fc1ac2c}</UniqueIdentifier>
    </Filter>
    <Filter Include="Models\PluginEditorParam">
      <UniqueIdentifier>{44319004-09eb-4f67-9511-22650ad04300}</UniqueIdentifier>
    </Filter>
    <Filter Include="3rdparty">
      <UniqueIdentifier>{f6624465-6e19-4e3d-a813-0f5852c7b2bb}</UniqueIdentifier>
    </Filter>
    <Filter Include="Controls\HomeWidget">
      <UniqueIdentifier>{54efd356-4437-43c4-8ef1-a39a712d312d}</UniqueIdentifier>
    </Filter>
    <Filter Include="Pages\PluginEditor">
      <UniqueIdentifier>{aef98080-0efb-4f97-8d63-38acb20c4442}</UniqueIdentifier>
    </Filter>
    <Filter Include="Utils\cppcoro">
      <UniqueIdentifier>{cfe4445d-4f80-450e-baa7-25993b13cd80}</UniqueIdentifier>
    </Filter>
    <Filter Include="CoreInterop">
      <UniqueIdentifier>{d798b532-9a2a-4dec-89d4-ae7a37257de4}</UniqueIdentifier>
    </Filter>
  </ItemGroup>
  <ItemGroup>
    <None Include="PropertySheet.props" />
    <None Include="packages.config" />
    <None Include="Package.StoreAssociation.xml" />
    <None Include="Directory.Build.props" />
    <None Include="Directory.Build.targets" />
    <None Include="YtFlowApp_TemporaryKey.pfx" />
  </ItemGroup>
</Project>